# This file is automatically @generated by Cargo.
# It is not intended for manual editing.
version = 4

[[package]]
name = "mr"
version = "0.1.0"

[[package]]
name = "mrcoordinator"
version = "0.1.0"
dependencies = [
 "mr",
]

[[package]]
name = "mrworker"
version = "0.1.0"
dependencies = [
 "mr",
]
